
Microsoft Visual Studio Solution File, Format Version 12.00
# Visual Studio Version 16
VisualStudioVersion = 16.0.30114.105
MinimumVisualStudioVersion = 10.0.40219.1
Project("{FAE04EC0-301F-11D3-BF4B-00C04F79EFBC}") = "BookStoreWebApi", "BookStoreWebApi\BookStoreWebApi.csproj", "{0CC6E474-797C-4AC5-BDD4-EC1AC0210604}"
EndProject
Global
	GlobalSection(SolutionConfigurationPlatforms) = preSolution
		Debug|Any CPU = Debug|Any CPU
		Release|Any CPU = Release|Any CPU
	EndGlobalSection
	GlobalSection(SolutionProperties) = preSolution
		HideSolutionNode = FALSE
	EndGlobalSection
	GlobalSection(ProjectConfigurationPlatforms) = postSolution
		{0CC6E474-797C-4AC5-BDD4-EC1AC0210604}.Debug|Any CPU.ActiveCfg = Debug|Any CPU
		{0CC6E474-797C-4AC5-BDD4-EC1AC0210604}.Debug|Any CPU.Build.0 = Debug|Any CPU
		{0CC6E474-797C-4AC5-BDD4-EC1AC0210604}.Release|Any CPU.ActiveCfg = Release|Any CPU
		{0CC6E474-797C-4AC5-BDD4-EC1AC0210604}.Release|Any CPU.Build.0 = Release|Any CPU
	EndGlobalSection
EndGlobal
